// !$*UTF8*$!
{
	archiveVersion = 1;
	classes = {
	};
	objectVersion = 56;
	objects = {

/* Begin PBXBuildFile section */
		FE9DA4512A00C33A00DF5C37 /* MetalXRApp.swift in Sources */ = {isa = PBXBuildFile; fileRef = FE9DA4502A00C33A00DF5C37 /* MetalXRApp.swift */; };
		FE9DA4532A00C33A00DF5C37 /* ContentView.swift in Sources */ = {isa = PBXBuildFile; fileRef = FE9DA4522A00C33A00DF5C37 /* ContentView.swift */; };
		FE9DA4552A00C33C00DF5C37 /* Assets.xcassets in Resources */ = {isa = PBXBuildFile; fileRef = FE9DA4542A00C33C00DF5C37 /* Assets.xcassets */; };
		FE9DA4582A00C33C00DF5C37 /* Preview Assets.xcassets in Resources */ = {isa = PBXBuildFile; fileRef = FE9DA4572A00C33C00DF5C37 /* Preview Assets.xcassets */; };
		FE9DA4632A00C33D00DF5C37 /* MetalXRTests.swift in Sources */ = {isa = PBXBuildFile; fileRef = FE9DA4622A00C33D00DF5C37 /* MetalXRTests.swift */; };
		FE9DA46D2A00C33D00DF5C37 /* MetalXRUITests.swift in Sources */ = {isa = PBXBuildFile; fileRef = FE9DA46C2A00C33D00DF5C37 /* MetalXRUITests.swift */; };
		FE9DA46F2A00C33D00DF5C37 /* MetalXRUITestsLaunchTests.swift in Sources */ = {isa = PBXBuildFile; fileRef = FE9DA46E2A00C33D00DF5C37 /* MetalXRUITestsLaunchTests.swift */; };
		FED1FD792A02079800F81037 /* adb-lib in Resources */ = {isa = PBXBuildFile; fileRef = FED1FD782A02079800F81037 /* adb-lib */; };
/* End PBXBuildFile section */

/* Begin PBXContainerItemProxy section */
		FE9DA45F2A00C33D00DF5C37 /* PBXContainerItemProxy */ = {
			isa = PBXContainerItemProxy;
			containerPortal = FE9DA4452A00C33900DF5C37 /* Project object */;
			proxyType = 1;
			remoteGlobalIDString = FE9DA44C2A00C33900DF5C37;
			remoteInfo = MetalXR;
		};
		FE9DA4692A00C33D00DF5C37 /* PBXContainerItemProxy */ = {
			isa = PBXContainerItemProxy;
			containerPortal = FE9DA4452A00C33900DF5C37 /* Project object */;
			proxyType = 1;
			remoteGlobalIDString = FE9DA44C2A00C33900DF5C37;
			remoteInfo = MetalXR;
		};
/* End PBXContainerItemProxy section */

/* Begin PBXFileReference section */
		FE9DA44D2A00C33A00DF5C37 /* MetalXR.app */ = {isa = PBXFileReference; explicitFileType = wrapper.application; includeInIndex = 0; path = MetalXR.app; sourceTree = BUILT_PRODUCTS_DIR; };
		FE9DA4502A00C33A00DF5C37 /* MetalXRApp.swift */ = {isa = PBXFileReference; lastKnownFileType = sourcecode.swift; path = MetalXRApp.swift; sourceTree = "<group>"; };
		FE9DA4522A00C33A00DF5C37 /* ContentView.swift */ = {isa = PBXFileReference; lastKnownFileType = sourcecode.swift; path = ContentView.swift; sourceTree = "<group>"; };
		FE9DA4542A00C33C00DF5C37 /* Assets.xcassets */ = {isa = PBXFileReference; lastKnownFileType = folder.assetcatalog; path = Assets.xcassets; sourceTree = "<group>"; };
		FE9DA4572A00C33C00DF5C37 /* Preview Assets.xcassets */ = {isa = PBXFileReference; lastKnownFileType = folder.assetcatalog; path = "Preview Assets.xcassets"; sourceTree = "<group>"; };
		FE9DA4592A00C33C00DF5C37 /* MetalXR.entitlements */ = {isa = PBXFileReference; lastKnownFileType = text.plist.entitlements; path = MetalXR.entitlements; sourceTree = "<group>"; };
		FE9DA45E2A00C33D00DF5C37 /* MetalXRTests.xctest */ = {isa = PBXFileReference; explicitFileType = wrapper.cfbundle; includeInIndex = 0; path = MetalXRTests.xctest; sourceTree = BUILT_PRODUCTS_DIR; };
		FE9DA4622A00C33D00DF5C37 /* MetalXRTests.swift */ = {isa = PBXFileReference; lastKnownFileType = sourcecode.swift; path = MetalXRTests.swift; sourceTree = "<group>"; };
		FE9DA4682A00C33D00DF5C37 /* MetalXRUITests.xctest */ = {isa = PBXFileReference; explicitFileType = wrapper.cfbundle; includeInIndex = 0; path = MetalXRUITests.xctest; sourceTree = BUILT_PRODUCTS_DIR; };
		FE9DA46C2A00C33D00DF5C37 /* MetalXRUITests.swift */ = {isa = PBXFileReference; lastKnownFileType = sourcecode.swift; path = MetalXRUITests.swift; sourceTree = "<group>"; };
		FE9DA46E2A00C33D00DF5C37 /* MetalXRUITestsLaunchTests.swift */ = {isa = PBXFileReference; lastKnownFileType = sourcecode.swift; path = MetalXRUITestsLaunchTests.swift; sourceTree = "<group>"; };
		FED1FD782A02079800F81037 /* adb-lib */ = {isa = PBXFileReference; lastKnownFileType = folder; path = "adb-lib"; sourceTree = "<group>"; };
/* End PBXFileReference section */

/* Begin PBXFrameworksBuildPhase section */
		FE9DA44A2A00C33900DF5C37 /* Frameworks */ = {
			isa = PBXFrameworksBuildPhase;
			buildActionMask = 2147483647;
			files = (
			);
			runOnlyForDeploymentPostprocessing = 0;
		};
		FE9DA45B2A00C33D00DF5C37 /* Frameworks */ = {
			isa = PBXFrameworksBuildPhase;
			buildActionMask = 2147483647;
			files = (
			);
			runOnlyForDeploymentPostprocessing = 0;
		};
		FE9DA4652A00C33D00DF5C37 /* Frameworks */ = {
			isa = PBXFrameworksBuildPhase;
			buildActionMask = 2147483647;
			files = (
			);
			runOnlyForDeploymentPostprocessing = 0;
		};
/* End PBXFrameworksBuildPhase section */

/* Begin PBXGroup section */
		FE9DA4442A00C33900DF5C37 = {
			isa = PBXGroup;
			children = (
				FE9DA47B2A00D67C00DF5C37 /* Libs */,
				FE9DA44F2A00C33A00DF5C37 /* MetalXR */,
				FE9DA4612A00C33D00DF5C37 /* MetalXRTests */,
				FE9DA46B2A00C33D00DF5C37 /* MetalXRUITests */,
				FE9DA44E2A00C33A00DF5C37 /* Products */,
			);
			sourceTree = "<group>";
		};
		FE9DA44E2A00C33A00DF5C37 /* Products */ = {
			isa = PBXGroup;
			children = (
				FE9DA44D2A00C33A00DF5C37 /* MetalXR.app */,
				FE9DA45E2A00C33D00DF5C37 /* MetalXRTests.xctest */,
				FE9DA4682A00C33D00DF5C37 /* MetalXRUITests.xctest */,
			);
			name = Products;
			sourceTree = "<group>";
		};
		FE9DA44F2A00C33A00DF5C37 /* MetalXR */ = {
			isa = PBXGroup;
			children = (
				FE9DA4502A00C33A00DF5C37 /* MetalXRApp.swift */,
				FE9DA4522A00C33A00DF5C37 /* ContentView.swift */,
				FE9DA4542A00C33C00DF5C37 /* Assets.xcassets */,
				FE9DA4592A00C33C00DF5C37 /* MetalXR.entitlements */,
				FE9DA4562A00C33C00DF5C37 /* Preview Content */,
			);
			path = MetalXR;
			sourceTree = "<group>";
		};
		FE9DA4562A00C33C00DF5C37 /* Preview Content */ = {
			isa = PBXGroup;
			children = (
				FE9DA4572A00C33C00DF5C37 /* Preview Assets.xcassets */,
			);
			path = "Preview Content";
			sourceTree = "<group>";
		};
		FE9DA4612A00C33D00DF5C37 /* MetalXRTests */ = {
			isa = PBXGroup;
			children = (
				FE9DA4622A00C33D00DF5C37 /* MetalXRTests.swift */,
			);
			path = MetalXRTests;
			sourceTree = "<group>";
		};
		FE9DA46B2A00C33D00DF5C37 /* MetalXRUITests */ = {
			isa = PBXGroup;
			children = (
				FE9DA46C2A00C33D00DF5C37 /* MetalXRUITests.swift */,
				FE9DA46E2A00C33D00DF5C37 /* MetalXRUITestsLaunchTests.swift */,
			);
			path = MetalXRUITests;
			sourceTree = "<group>";
		};
		FE9DA47B2A00D67C00DF5C37 /* Libs */ = {
			isa = PBXGroup;
			children = (
				FED1FD782A02079800F81037 /* adb-lib */,
			);
			path = Libs;
			sourceTree = "<group>";
		};
/* End PBXGroup section */

/* Begin PBXNativeTarget section */
		FE9DA44C2A00C33900DF5C37 /* MetalXR */ = {
			isa = PBXNativeTarget;
			buildConfigurationList = FE9DA4722A00C33D00DF5C37 /* Build configuration list for PBXNativeTarget "MetalXR" */;
			buildPhases = (
				FE9DA4492A00C33900DF5C37 /* Sources */,
				FE9DA44A2A00C33900DF5C37 /* Frameworks */,
				FE9DA44B2A00C33900DF5C37 /* Resources */,
			);
			buildRules = (
			);
			dependencies = (
			);
			name = MetalXR;
			productName = MetalXR;
			productReference = FE9DA44D2A00C33A00DF5C37 /* MetalXR.app */;
			productType = "com.apple.product-type.application";
		};
		FE9DA45D2A00C33D00DF5C37 /* MetalXRTests */ = {
			isa = PBXNativeTarget;
			buildConfigurationList = FE9DA4752A00C33D00DF5C37 /* Build configuration list for PBXNativeTarget "MetalXRTests" */;
			buildPhases = (
				FE9DA45A2A00C33D00DF5C37 /* Sources */,
				FE9DA45B2A00C33D00DF5C37 /* Frameworks */,
				FE9DA45C2A00C33D00DF5C37 /* Resources */,
			);
			buildRules = (
			);
			dependencies = (
				FE9DA4602A00C33D00DF5C37 /* PBXTargetDependency */,
			);
			name = MetalXRTests;
			productName = MetalXRTests;
			productReference = FE9DA45E2A00C33D00DF5C37 /* MetalXRTests.xctest */;
			productType = "com.apple.product-type.bundle.unit-test";
		};
		FE9DA4672A00C33D00DF5C37 /* MetalXRUITests */ = {
			isa = PBXNativeTarget;
			buildConfigurationList = FE9DA4782A00C33D00DF5C37 /* Build configuration list for PBXNativeTarget "MetalXRUITests" */;
			buildPhases = (
				FE9DA4642A00C33D00DF5C37 /* Sources */,
				FE9DA4652A00C33D00DF5C37 /* Frameworks */,
				FE9DA4662A00C33D00DF5C37 /* Resources */,
			);
			buildRules = (
			);
			dependencies = (
				FE9DA46A2A00C33D00DF5C37 /* PBXTargetDependency */,
			);
			name = MetalXRUITests;
			productName = MetalXRUITests;
			productReference = FE9DA4682A00C33D00DF5C37 /* MetalXRUITests.xctest */;
			productType = "com.apple.product-type.bundle.ui-testing";
		};
/* End PBXNativeTarget section */

/* Begin PBXProject section */
		FE9DA4452A00C33900DF5C37 /* Project object */ = {
			isa = PBXProject;
			attributes = {
				BuildIndependentTargetsInParallel = 1;
				LastSwiftUpdateCheck = 1430;
				LastUpgradeCheck = 1430;
				TargetAttributes = {
					FE9DA44C2A00C33900DF5C37 = {
						CreatedOnToolsVersion = 14.3;
					};
					FE9DA45D2A00C33D00DF5C37 = {
						CreatedOnToolsVersion = 14.3;
						TestTargetID = FE9DA44C2A00C33900DF5C37;
					};
					FE9DA4672A00C33D00DF5C37 = {
						CreatedOnToolsVersion = 14.3;
						TestTargetID = FE9DA44C2A00C33900DF5C37;
					};
				};
			};
			buildConfigurationList = FE9DA4482A00C33900DF5C37 /* Build configuration list for PBXProject "MetalXR" */;
			compatibilityVersion = "Xcode 14.0";
			developmentRegion = en;
			hasScannedForEncodings = 0;
			knownRegions = (
				en,
				Base,
			);
			mainGroup = FE9DA4442A00C33900DF5C37;
			productRefGroup = FE9DA44E2A00C33A00DF5C37 /* Products */;
			projectDirPath = "";
			projectRoot = "";
			targets = (
				FE9DA44C2A00C33900DF5C37 /* MetalXR */,
				FE9DA45D2A00C33D00DF5C37 /* MetalXRTests */,
				FE9DA4672A00C33D00DF5C37 /* MetalXRUITests */,
			);
		};
/* End PBXProject section */

/* Begin PBXResourcesBuildPhase section */
		FE9DA44B2A00C33900DF5C37 /* Resources */ = {
			isa = PBXResourcesBuildPhase;
			buildActionMask = 2147483647;
			files = (
				FED1FD792A02079800F81037 /* adb-lib in Resources */,
				FE9DA4582A00C33C00DF5C37 /* Preview Assets.xcassets in Resources */,
				FE9DA4552A00C33C00DF5C37 /* Assets.xcassets in Resources */,
			);
			runOnlyForDeploymentPostprocessing = 0;
		};
		FE9DA45C2A00C33D00DF5C37 /* Resources */ = {
			isa = PBXResourcesBuildPhase;
			buildActionMask = 2147483647;
			files = (
			);
			runOnlyForDeploymentPostprocessing = 0;
		};
		FE9DA4662A00C33D00DF5C37 /* Resources */ = {
			isa = PBXResourcesBuildPhase;
			buildActionMask = 2147483647;
			files = (
			);
			runOnlyForDeploymentPostprocessing = 0;
		};
/* End PBXResourcesBuildPhase section */

/* Begin PBXSourcesBuildPhase section */
		FE9DA4492A00C33900DF5C37 /* Sources */ = {
			isa = PBXSourcesBuildPhase;
			buildActionMask = 2147483647;
			files = (
				FE9DA4532A00C33A00DF5C37 /* ContentView.swift in Sources */,
				FE9DA4512A00C33A00DF5C37 /* MetalXRApp.swift in Sources */,
			);
			runOnlyForDeploymentPostprocessing = 0;
		};
		FE9DA45A2A00C33D00DF5C37 /* Sources */ = {
			isa = PBXSourcesBuildPhase;
			buildActionMask = 2147483647;
			files = (
				FE9DA4632A00C33D00DF5C37 /* MetalXRTests.swift in Sources */,
			);
			runOnlyForDeploymentPostprocessing = 0;
		};
		FE9DA4642A00C33D00DF5C37 /* Sources */ = {
			isa = PBXSourcesBuildPhase;
			buildActionMask = 2147483647;
			files = (
				FE9DA46F2A00C33D00DF5C37 /* MetalXRUITestsLaunchTests.swift in Sources */,
				FE9DA46D2A00C33D00DF5C37 /* MetalXRUITests.swift in Sources */,
			);
			runOnlyForDeploymentPostprocessing = 0;
		};
/* End PBXSourcesBuildPhase section */

/* Begin PBXTargetDependency section */
		FE9DA4602A00C33D00DF5C37 /* PBXTargetDependency */ = {
			isa = PBXTargetDependency;
			target = FE9DA44C2A00C33900DF5C37 /* MetalXR */;
			targetProxy = FE9DA45F2A00C33D00DF5C37 /* PBXContainerItemProxy */;
		};
		FE9DA46A2A00C33D00DF5C37 /* PBXTargetDependency */ = {
			isa = PBXTargetDependency;
			target = FE9DA44C2A00C33900DF5C37 /* MetalXR */;
			targetProxy = FE9DA4692A00C33D00DF5C37 /* PBXContainerItemProxy */;
		};
/* End PBXTargetDependency section */

/* Begin XCBuildConfiguration section */
		FE9DA4702A00C33D00DF5C37 /* Debug */ = {
			isa = XCBuildConfiguration;
			buildSettings = {
				ALWAYS_SEARCH_USER_PATHS = NO;
				CLANG_ANALYZER_NONNULL = YES;
				CLANG_ANALYZER_NUMBER_OBJECT_CONVERSION = YES_AGGRESSIVE;
				CLANG_CXX_LANGUAGE_STANDARD = "gnu++20";
				CLANG_ENABLE_MODULES = YES;
				CLANG_ENABLE_OBJC_ARC = YES;
				CLANG_ENABLE_OBJC_WEAK = YES;
				CLANG_WARN_BLOCK_CAPTURE_AUTORELEASING = YES;
				CLANG_WARN_BOOL_CONVERSION = YES;
				CLANG_WARN_COMMA = YES;
				CLANG_WARN_CONSTANT_CONVERSION = YES;
				CLANG_WARN_DEPRECATED_OBJC_IMPLEMENTATIONS = YES;
				CLANG_WARN_DIRECT_OBJC_ISA_USAGE = YES_ERROR;
				CLANG_WARN_DOCUMENTATION_COMMENTS = YES;
				CLANG_WARN_EMPTY_BODY = YES;
				CLANG_WARN_ENUM_CONVERSION = YES;
				CLANG_WARN_INFINITE_RECURSION = YES;
				CLANG_WARN_INT_CONVERSION = YES;
				CLANG_WARN_NON_LITERAL_NULL_CONVERSION = YES;
				CLANG_WARN_OBJC_IMPLICIT_RETAIN_SELF = YES;
				CLANG_WARN_OBJC_LITERAL_CONVERSION = YES;
				CLANG_WARN_OBJC_ROOT_CLASS = YES_ERROR;
				CLANG_WARN_QUOTED_INCLUDE_IN_FRAMEWORK_HEADER = YES;
				CLANG_WARN_RANGE_LOOP_ANALYSIS = YES;
				CLANG_WARN_STRICT_PROTOTYPES = YES;
				CLANG_WARN_SUSPICIOUS_MOVE = YES;
				CLANG_WARN_UNGUARDED_AVAILABILITY = YES_AGGRESSIVE;
				CLANG_WARN_UNREACHABLE_CODE = YES;
				CLANG_WARN__DUPLICATE_METHOD_MATCH = YES;
				COPY_PHASE_STRIP = NO;
				DEBUG_INFORMATION_FORMAT = dwarf;
				ENABLE_STRICT_OBJC_MSGSEND = YES;
				ENABLE_TESTABILITY = YES;
				GCC_C_LANGUAGE_STANDARD = gnu11;
				GCC_DYNAMIC_NO_PIC = NO;
				GCC_NO_COMMON_BLOCKS = YES;
				GCC_OPTIMIZATION_LEVEL = 0;
				GCC_PREPROCESSOR_DEFINITIONS = (
					"DEBUG=1",
					"$(inherited)",
				);
				GCC_WARN_64_TO_32_BIT_CONVERSION = YES;
				GCC_WARN_ABOUT_RETURN_TYPE = YES_ERROR;
				GCC_WARN_UNDECLARED_SELECTOR = YES;
				GCC_WARN_UNINITIALIZED_AUTOS = YES_AGGRESSIVE;
				GCC_WARN_UNUSED_FUNCTION = YES;
				GCC_WARN_UNUSED_VARIABLE = YES;
				MACOSX_DEPLOYMENT_TARGET = 13.3;
				MTL_ENABLE_DEBUG_INFO = INCLUDE_SOURCE;
				MTL_FAST_MATH = YES;
				ONLY_ACTIVE_ARCH = YES;
				SDKROOT = macosx;
				SWIFT_ACTIVE_COMPILATION_CONDITIONS = DEBUG;
				SWIFT_OPTIMIZATION_LEVEL = "-Onone";
			};
			name = Debug;
		};
		FE9DA4712A00C33D00DF5C37 /* Release */ = {
			isa = XCBuildConfiguration;
			buildSettings = {
				ALWAYS_SEARCH_USER_PATHS = NO;
				CLANG_ANALYZER_NONNULL = YES;
				CLANG_ANALYZER_NUMBER_OBJECT_CONVERSION = YES_AGGRESSIVE;
				CLANG_CXX_LANGUAGE_STANDARD = "gnu++20";
				CLANG_ENABLE_MODULES = YES;
				CLANG_ENABLE_OBJC_ARC = YES;
				CLANG_ENABLE_OBJC_WEAK = YES;
				CLANG_WARN_BLOCK_CAPTURE_AUTORELEASING = YES;
				CLANG_WARN_BOOL_CONVERSION = YES;
				CLANG_WARN_COMMA = YES;
				CLANG_WARN_CONSTANT_CONVERSION = YES;
				CLANG_WARN_DEPRECATED_OBJC_IMPLEMENTATIONS = YES;
				CLANG_WARN_DIRECT_OBJC_ISA_USAGE = YES_ERROR;
				CLANG_WARN_DOCUMENTATION_COMMENTS = YES;
				CLANG_WARN_EMPTY_BODY = YES;
				CLANG_WARN_ENUM_CONVERSION = YES;
				CLANG_WARN_INFINITE_RECURSION = YES;
				CLANG_WARN_INT_CONVERSION = YES;
				CLANG_WARN_NON_LITERAL_NULL_CONVERSION = YES;
				CLANG_WARN_OBJC_IMPLICIT_RETAIN_SELF = YES;
				CLANG_WARN_OBJC_LITERAL_CONVERSION = YES;
				CLANG_WARN_OBJC_ROOT_CLASS = YES_ERROR;
				CLANG_WARN_QUOTED_INCLUDE_IN_FRAMEWORK_HEADER = YES;
				CLANG_WARN_RANGE_LOOP_ANALYSIS = YES;
				CLANG_WARN_STRICT_PROTOTYPES = YES;
				CLANG_WARN_SUSPICIOUS_MOVE = YES;
				CLANG_WARN_UNGUARDED_AVAILABILITY = YES_AGGRESSIVE;
				CLANG_WARN_UNREACHABLE_CODE = YES;
				CLANG_WARN__DUPLICATE_METHOD_MATCH = YES;
				COPY_PHASE_STRIP = NO;
				DEBUG_INFORMATION_FORMAT = "dwarf-with-dsym";
				ENABLE_NS_ASSERTIONS = NO;
				ENABLE_STRICT_OBJC_MSGSEND = YES;
				GCC_C_LANGUAGE_STANDARD = gnu11;
				GCC_NO_COMMON_BLOCKS = YES;
				GCC_WARN_64_TO_32_BIT_CONVERSION = YES;
				GCC_WARN_ABOUT_RETURN_TYPE = YES_ERROR;
				GCC_WARN_UNDECLARED_SELECTOR = YES;
				GCC_WARN_UNINITIALIZED_AUTOS = YES_AGGRESSIVE;
				GCC_WARN_UNUSED_FUNCTION = YES;
				GCC_WARN_UNUSED_VARIABLE = YES;
				MACOSX_DEPLOYMENT_TARGET = 13.3;
				MTL_ENABLE_DEBUG_INFO = NO;
				MTL_FAST_MATH = YES;
				SDKROOT = macosx;
				SWIFT_COMPILATION_MODE = wholemodule;
				SWIFT_OPTIMIZATION_LEVEL = "-O";
			};
			name = Release;
		};
		FE9DA4732A00C33D00DF5C37 /* Debug */ = {
			isa = XCBuildConfiguration;
			buildSettings = {
				ASSETCATALOG_COMPILER_APPICON_NAME = AppIcon;
				ASSETCATALOG_COMPILER_GLOBAL_ACCENT_COLOR_NAME = AccentColor;
				CODE_SIGN_ENTITLEMENTS = MetalXR/MetalXR.entitlements;
				CODE_SIGN_STYLE = Automatic;
				COMBINE_HIDPI_IMAGES = YES;
				CURRENT_PROJECT_VERSION = 1;
				DEVELOPMENT_ASSET_PATHS = "\"MetalXR/Preview Content\"";
				ENABLE_PREVIEWS = YES;
				GENERATE_INFOPLIST_FILE = YES;
				INFOPLIST_KEY_NSHumanReadableCopyright = "";
				LD_RUNPATH_SEARCH_PATHS = (
					"$(inherited)",
					"@executable_path/../Frameworks",
				);
				MARKETING_VERSION = 1.0;
				PRODUCT_BUNDLE_IDENTIFIER = org.peapodgroup.MetalXR;
				PRODUCT_NAME = "$(TARGET_NAME)";
				SWIFT_EMIT_LOC_STRINGS = YES;
				SWIFT_VERSION = 5.0;
			};
			name = Debug;
		};
		FE9DA4742A00C33D00DF5C37 /* Release */ = {
			isa = XCBuildConfiguration;
			buildSettings = {
				ASSETCATALOG_COMPILER_APPICON_NAME = AppIcon;
				ASSETCATALOG_COMPILER_GLOBAL_ACCENT_COLOR_NAME = AccentColor;
				CODE_SIGN_ENTITLEMENTS = MetalXR/MetalXR.entitlements;
				CODE_SIGN_STYLE = Automatic;
				COMBINE_HIDPI_IMAGES = YES;
				CURRENT_PROJECT_VERSION = 1;
				DEVELOPMENT_ASSET_PATHS = "\"MetalXR/Preview Content\"";
				ENABLE_PREVIEWS = YES;
				GENERATE_INFOPLIST_FILE = YES;
				INFOPLIST_KEY_NSHumanReadableCopyright = "";
				LD_RUNPATH_SEARCH_PATHS = (
					"$(inherited)",
					"@executable_path/../Frameworks",
				);
				MARKETING_VERSION = 1.0;
				PRODUCT_BUNDLE_IDENTIFIER = org.peapodgroup.MetalXR;
				PRODUCT_NAME = "$(TARGET_NAME)";
				SWIFT_EMIT_LOC_STRINGS = YES;
				SWIFT_VERSION = 5.0;
			};
			name = Release;
		};
		FE9DA4762A00C33D00DF5C37 /* Debug */ = {
			isa = XCBuildConfiguration;
			buildSettings = {
				ALWAYS_EMBED_SWIFT_STANDARD_LIBRARIES = YES;
				BUNDLE_LOADER = "$(TEST_HOST)";
				CODE_SIGN_STYLE = Automatic;
				CURRENT_PROJECT_VERSION = 1;
				GENERATE_INFOPLIST_FILE = YES;
				MACOSX_DEPLOYMENT_TARGET = 13.3;
				MARKETING_VERSION = 1.0;
				PRODUCT_BUNDLE_IDENTIFIER = org.peapodgroup.MetalXRTests;
				PRODUCT_NAME = "$(TARGET_NAME)";
				SWIFT_EMIT_LOC_STRINGS = NO;
				SWIFT_VERSION = 5.0;
				TEST_HOST = "$(BUILT_PRODUCTS_DIR)/MetalXR.app/$(BUNDLE_EXECUTABLE_FOLDER_PATH)/MetalXR";
			};
			name = Debug;
		};
		FE9DA4772A00C33D00DF5C37 /* Release */ = {
			isa = XCBuildConfiguration;
			buildSettings = {
				ALWAYS_EMBED_SWIFT_STANDARD_LIBRARIES = YES;
				BUNDLE_LOADER = "$(TEST_HOST)";
				CODE_SIGN_STYLE = Automatic;
				CURRENT_PROJECT_VERSION = 1;
				GENERATE_INFOPLIST_FILE = YES;
				MACOSX_DEPLOYMENT_TARGET = 13.3;
				MARKETING_VERSION = 1.0;
				PRODUCT_BUNDLE_IDENTIFIER = org.peapodgroup.MetalXRTests;
				PRODUCT_NAME = "$(TARGET_NAME)";
				SWIFT_EMIT_LOC_STRINGS = NO;
				SWIFT_VERSION = 5.0;
				TEST_HOST = "$(BUILT_PRODUCTS_DIR)/MetalXR.app/$(BUNDLE_EXECUTABLE_FOLDER_PATH)/MetalXR";
			};
			name = Release;
		};
		FE9DA4792A00C33D00DF5C37 /* Debug */ = {
			isa = XCBuildConfiguration;
			buildSettings = {
				ALWAYS_EMBED_SWIFT_STANDARD_LIBRARIES = YES;
				CODE_SIGN_STYLE = Automatic;
				CURRENT_PROJECT_VERSION = 1;
				GENERATE_INFOPLIST_FILE = YES;
				MARKETING_VERSION = 1.0;
				PRODUCT_BUNDLE_IDENTIFIER = org.peapodgroup.MetalXRUITests;
				PRODUCT_NAME = "$(TARGET_NAME)";
				SWIFT_EMIT_LOC_STRINGS = NO;
				SWIFT_VERSION = 5.0;
				TEST_TARGET_NAME = MetalXR;
			};
			name = Debug;
		};
		FE9DA47A2A00C33D00DF5C37 /* Release */ = {
			isa = XCBuildConfiguration;
			buildSettings = {
				ALWAYS_EMBED_SWIFT_STANDARD_LIBRARIES = YES;
				CODE_SIGN_STYLE = Automatic;
				CURRENT_PROJECT_VERSION = 1;
				GENERATE_INFOPLIST_FILE = YES;
				MARKETING_VERSION = 1.0;
				PRODUCT_BUNDLE_IDENTIFIER = org.peapodgroup.MetalXRUITests;
				PRODUCT_NAME = "$(TARGET_NAME)";
				SWIFT_EMIT_LOC_STRINGS = NO;
				SWIFT_VERSION = 5.0;
				TEST_TARGET_NAME = MetalXR;
			};
			name = Release;
		};
/* End XCBuildConfiguration section */

/* Begin XCConfigurationList section */
		FE9DA4482A00C33900DF5C37 /* Build configuration list for PBXProject "MetalXR" */ = {
			isa = XCConfigurationList;
			buildConfigurations = (
				FE9DA4702A00C33D00DF5C37 /* Debug */,
				FE9DA4712A00C33D00DF5C37 /* Release */,
			);
			defaultConfigurationIsVisible = 0;
			defaultConfigurationName = Release;
		};
		FE9DA4722A00C33D00DF5C37 /* Build configuration list for PBXNativeTarget "MetalXR" */ = {
			isa = XCConfigurationList;
			buildConfigurations = (
				FE9DA4732A00C33D00DF5C37 /* Debug */,
				FE9DA4742A00C33D00DF5C37 /* Release */,
			);
			defaultConfigurationIsVisible = 0;
			defaultConfigurationName = Release;
		};
		FE9DA4752A00C33D00DF5C37 /* Build configuration list for PBXNativeTarget "MetalXRTests" */ = {
			isa = XCConfigurationList;
			buildConfigurations = (
				FE9DA4762A00C33D00DF5C37 /* Debug */,
				FE9DA4772A00C33D00DF5C37 /* Release */,
			);
			defaultConfigurationIsVisible = 0;
			defaultConfigurationName = Release;
		};
		FE9DA4782A00C33D00DF5C37 /* Build configuration list for PBXNativeTarget "MetalXRUITests" */ = {
			isa = XCConfigurationList;
			buildConfigurations = (
				FE9DA4792A00C33D00DF5C37 /* Debug */,
				FE9DA47A2A00C33D00DF5C37 /* Release */,
			);
			defaultConfigurationIsVisible = 0;
			defaultConfigurationName = Release;
		};
/* End XCConfigurationList section */
	};
	rootObject = FE9DA4452A00C33900DF5C37 /* Project object */;
}
